
Microsoft Visual Studio Solution File, Format Version 12.00
# Visual Studio Version 16
VisualStudioVersion = 16.0.29728.190
MinimumVisualStudioVersion = 10.0.40219.1
Project("{FAE04EC0-301F-11D3-BF4B-00C04F79EFBC}") = "DAL", "DAL\DAL.csproj", "{94D596FE-480A-40AD-82B0-0E60F9468056}"
EndProject
Project("{FAE04EC0-301F-11D3-BF4B-00C04F79EFBC}") = "BLL", "BLL\BLL.csproj", "{4E76637E-2B26-496F-8FA8-7B6CEF5A02EC}"
EndProject
Project("{FAE04EC0-301F-11D3-BF4B-00C04F79EFBC}") = "Framework", "Framework\Framework.csproj", "{6BC589E7-5250-4E20-BD77-BE22AD951C33}"
EndProject
Project("{FAE04EC0-301F-11D3-BF4B-00C04F79EFBC}") = "WEB", "WEB\WEB.csproj", "{1A29F40A-4AB5-436C-B701-811A0412145F}"
EndProject
Project("{FAE04EC0-301F-11D3-BF4B-00C04F79EFBC}") = "Importacao", "Importacao\Importacao.csproj", "{C5E75381-963B-4D09-8E4B-AA60842C446D}"
EndProject
Project("{FAE04EC0-301F-11D3-BF4B-00C04F79EFBC}") = "ConnectionFramework", "ConnectionFramework\ConnectionFramework.csproj", "{3BE11C6E-9C05-4EC6-8059-72D0839C97E3}"
EndProject
Global
	GlobalSection(SolutionConfigurationPlatforms) = preSolution
		Debug|Any CPU = Debug|Any CPU
		Release|Any CPU = Release|Any CPU
	EndGlobalSection
	GlobalSection(ProjectConfigurationPlatforms) = postSolution
		{94D596FE-480A-40AD-82B0-0E60F9468056}.Debug|Any CPU.ActiveCfg = Debug|Any CPU
		{94D596FE-480A-40AD-82B0-0E60F9468056}.Debug|Any CPU.Build.0 = Debug|Any CPU
		{94D596FE-480A-40AD-82B0-0E60F9468056}.Release|Any CPU.ActiveCfg = Release|Any CPU
		{94D596FE-480A-40AD-82B0-0E60F9468056}.Release|Any CPU.Build.0 = Release|Any CPU
		{4E76637E-2B26-496F-8FA8-7B6CEF5A02EC}.Debug|Any CPU.ActiveCfg = Debug|Any CPU
		{4E76637E-2B26-496F-8FA8-7B6CEF5A02EC}.Debug|Any CPU.Build.0 = Debug|Any CPU
		{4E76637E-2B26-496F-8FA8-7B6CEF5A02EC}.Release|Any CPU.ActiveCfg = Release|Any CPU
		{4E76637E-2B26-496F-8FA8-7B6CEF5A02EC}.Release|Any CPU.Build.0 = Release|Any CPU
		{6BC589E7-5250-4E20-BD77-BE22AD951C33}.Debug|Any CPU.ActiveCfg = Debug|Any CPU
		{6BC589E7-5250-4E20-BD77-BE22AD951C33}.Debug|Any CPU.Build.0 = Debug|Any CPU
		{6BC589E7-5250-4E20-BD77-BE22AD951C33}.Release|Any CPU.ActiveCfg = Release|Any CPU
		{6BC589E7-5250-4E20-BD77-BE22AD951C33}.Release|Any CPU.Build.0 = Release|Any CPU
		{1A29F40A-4AB5-436C-B701-811A0412145F}.Debug|Any CPU.ActiveCfg = Debug|Any CPU
		{1A29F40A-4AB5-436C-B701-811A0412145F}.Debug|Any CPU.Build.0 = Debug|Any CPU
		{1A29F40A-4AB5-436C-B701-811A0412145F}.Release|Any CPU.ActiveCfg = Release|Any CPU
		{1A29F40A-4AB5-436C-B701-811A0412145F}.Release|Any CPU.Build.0 = Release|Any CPU
		{C5E75381-963B-4D09-8E4B-AA60842C446D}.Debug|Any CPU.ActiveCfg = Debug|Any CPU
		{C5E75381-963B-4D09-8E4B-AA60842C446D}.Debug|Any CPU.Build.0 = Debug|Any CPU
		{C5E75381-963B-4D09-8E4B-AA60842C446D}.Release|Any CPU.ActiveCfg = Release|Any CPU
		{C5E75381-963B-4D09-8E4B-AA60842C446D}.Release|Any CPU.Build.0 = Release|Any CPU
		{3BE11C6E-9C05-4EC6-8059-72D0839C97E3}.Debug|Any CPU.ActiveCfg = Debug|Any CPU
		{3BE11C6E-9C05-4EC6-8059-72D0839C97E3}.Debug|Any CPU.Build.0 = Debug|Any CPU
		{3BE11C6E-9C05-4EC6-8059-72D0839C97E3}.Release|Any CPU.ActiveCfg = Release|Any CPU
		{3BE11C6E-9C05-4EC6-8059-72D0839C97E3}.Release|Any CPU.Build.0 = Release|Any CPU
	EndGlobalSection
	GlobalSection(SolutionProperties) = preSolution
		HideSolutionNode = FALSE
	EndGlobalSection
	GlobalSection(ExtensibilityGlobals) = postSolution
		SolutionGuid = {08FA6C1F-4C92-459C-8FFC-1726D876A1C4}
	EndGlobalSection
EndGlobal
